
Microsoft Visual Studio Solution File, Format Version 12.00
# Visual Studio 15
VisualStudioVersion = 15.0.27004.2010
MinimumVisualStudioVersion = 10.0.40219.1
Project("{FAE04EC0-301F-11D3-BF4B-00C04F79EFBC}") = "DeckBuilder3", "DeckBuilder3\DeckBuilder3.csproj", "{8853B463-7416-407A-B2F5-615ABD8F6536}"
EndProject
Global
	GlobalSection(SolutionConfigurationPlatforms) = preSolution
		Debug|Any CPU = Debug|Any CPU
		Release|Any CPU = Release|Any CPU
	EndGlobalSection
	GlobalSection(ProjectConfigurationPlatforms) = postSolution
		{8853B463-7416-407A-B2F5-615ABD8F6536}.Debug|Any CPU.ActiveCfg = Debug|Any CPU
		{8853B463-7416-407A-B2F5-615ABD8F6536}.Debug|Any CPU.Build.0 = Debug|Any CPU
		{8853B463-7416-407A-B2F5-615ABD8F6536}.Release|Any CPU.ActiveCfg = Release|Any CPU
		{8853B463-7416-407A-B2F5-615ABD8F6536}.Release|Any CPU.Build.0 = Release|Any CPU
	EndGlobalSection
	GlobalSection(SolutionProperties) = preSolution
		HideSolutionNode = FALSE
	EndGlobalSection
	GlobalSection(ExtensibilityGlobals) = postSolution
		SolutionGuid = {DC307ABA-B310-480A-ABA6-FCADBF6AC0F1}
	EndGlobalSection
EndGlobal
